
Microsoft Visual Studio Solution File, Format Version 12.00
# Visual Studio Version 16
VisualStudioVersion = 16.0.29806.167
MinimumVisualStudioVersion = 10.0.40219.1
Project("{FAE04EC0-301F-11D3-BF4B-00C04F79EFBC}") = "AutoGenius", "AutoGenius\AutoGenius.csproj", "{960218BA-95A4-43C3-8062-D642E9902E1D}"
EndProject
Global
	GlobalSection(SolutionConfigurationPlatforms) = preSolution
		Debug|Any CPU = Debug|Any CPU
		Release|Any CPU = Release|Any CPU
	EndGlobalSection
	GlobalSection(ProjectConfigurationPlatforms) = postSolution
		{960218BA-95A4-43C3-8062-D642E9902E1D}.Debug|Any CPU.ActiveCfg = Debug|Any CPU
		{960218BA-95A4-43C3-8062-D642E9902E1D}.Debug|Any CPU.Build.0 = Debug|Any CPU
		{960218BA-95A4-43C3-8062-D642E9902E1D}.Release|Any CPU.ActiveCfg = Release|Any CPU
		{960218BA-95A4-43C3-8062-D642E9902E1D}.Release|Any CPU.Build.0 = Release|Any CPU
	EndGlobalSection
	GlobalSection(SolutionProperties) = preSolution
		HideSolutionNode = FALSE
	EndGlobalSection
	GlobalSection(ExtensibilityGlobals) = postSolution
		SolutionGuid = {0A07D187-E9A7-461B-98B4-1F7A499F7161}
	EndGlobalSection
EndGlobal
